
Microsoft Visual Studio Solution File, Format Version 12.00
# Visual Studio Version 17
VisualStudioVersion = 17.0.31611.283
MinimumVisualStudioVersion = 10.0.40219.1
Project("{9A19103F-16F7-4668-BE54-9A1E7A4F7556}") = "OrchidCavalry", "OrchidCavalry\OrchidCavalry.csproj", "{4B2535E3-6075-4253-BB02-B3462BEF5FAE}"
EndProject
Project("{9A19103F-16F7-4668-BE54-9A1E7A4F7556}") = "OrchidCavalry.Services", "OrchidCavalry.Services\OrchidCavalry.Services.csproj", "{68E2C01B-EB2C-4B47-9770-F5777FE2A43F}"
EndProject
Project("{2150E333-8FDC-42A3-9474-1A3956D46DE8}") = "Solution Items", "Solution Items", "{B2996105-F56B-4AD6-A340-28A31E536441}"
	ProjectSection(SolutionItems) = preProject
		.editorconfig = .editorconfig
	EndProjectSection
EndProject
Project("{2150E333-8FDC-42A3-9474-1A3956D46DE8}") = "Tests", "Tests", "{040CB137-9616-4D0E-BA22-2ECA64543E7B}"
EndProject
Project("{9A19103F-16F7-4668-BE54-9A1E7A4F7556}") = "OrchidCavalry.Services.Tests", "OrchidCavalry.Services.Tests\OrchidCavalry.Services.Tests.csproj", "{BDADBACB-50C4-4EFF-9920-778D606AD711}"
EndProject
Project("{9A19103F-16F7-4668-BE54-9A1E7A4F7556}") = "OrchidCavalry.Domain", "OrchidCavalry.Domain\OrchidCavalry.Domain.csproj", "{C40F3217-3244-4AB2-9ADD-36A6D3A3638C}"
EndProject
Global
	GlobalSection(SolutionConfigurationPlatforms) = preSolution
		Debug|Any CPU = Debug|Any CPU
		Release|Any CPU = Release|Any CPU
	EndGlobalSection
	GlobalSection(ProjectConfigurationPlatforms) = postSolution
		{4B2535E3-6075-4253-BB02-B3462BEF5FAE}.Debug|Any CPU.ActiveCfg = Debug|Any CPU
		{4B2535E3-6075-4253-BB02-B3462BEF5FAE}.Debug|Any CPU.Build.0 = Debug|Any CPU
		{4B2535E3-6075-4253-BB02-B3462BEF5FAE}.Debug|Any CPU.Deploy.0 = Debug|Any CPU
		{4B2535E3-6075-4253-BB02-B3462BEF5FAE}.Release|Any CPU.ActiveCfg = Release|Any CPU
		{4B2535E3-6075-4253-BB02-B3462BEF5FAE}.Release|Any CPU.Build.0 = Release|Any CPU
		{4B2535E3-6075-4253-BB02-B3462BEF5FAE}.Release|Any CPU.Deploy.0 = Release|Any CPU
		{68E2C01B-EB2C-4B47-9770-F5777FE2A43F}.Debug|Any CPU.ActiveCfg = Debug|Any CPU
		{68E2C01B-EB2C-4B47-9770-F5777FE2A43F}.Debug|Any CPU.Build.0 = Debug|Any CPU
		{68E2C01B-EB2C-4B47-9770-F5777FE2A43F}.Release|Any CPU.ActiveCfg = Release|Any CPU
		{68E2C01B-EB2C-4B47-9770-F5777FE2A43F}.Release|Any CPU.Build.0 = Release|Any CPU
		{BDADBACB-50C4-4EFF-9920-778D606AD711}.Debug|Any CPU.ActiveCfg = Debug|Any CPU
		{BDADBACB-50C4-4EFF-9920-778D606AD711}.Debug|Any CPU.Build.0 = Debug|Any CPU
		{BDADBACB-50C4-4EFF-9920-778D606AD711}.Release|Any CPU.ActiveCfg = Release|Any CPU
		{BDADBACB-50C4-4EFF-9920-778D606AD711}.Release|Any CPU.Build.0 = Release|Any CPU
		{C40F3217-3244-4AB2-9ADD-36A6D3A3638C}.Debug|Any CPU.ActiveCfg = Debug|Any CPU
		{C40F3217-3244-4AB2-9ADD-36A6D3A3638C}.Debug|Any CPU.Build.0 = Debug|Any CPU
		{C40F3217-3244-4AB2-9ADD-36A6D3A3638C}.Release|Any CPU.ActiveCfg = Release|Any CPU
		{C40F3217-3244-4AB2-9ADD-36A6D3A3638C}.Release|Any CPU.Build.0 = Release|Any CPU
	EndGlobalSection
	GlobalSection(SolutionProperties) = preSolution
		HideSolutionNode = FALSE
	EndGlobalSection
	GlobalSection(NestedProjects) = preSolution
		{BDADBACB-50C4-4EFF-9920-778D606AD711} = {040CB137-9616-4D0E-BA22-2ECA64543E7B}
	EndGlobalSection
	GlobalSection(ExtensibilityGlobals) = postSolution
		SolutionGuid = {61F7FB11-1E47-470C-91E2-47F8143E1572}
	EndGlobalSection
EndGlobal
